// !$*UTF8*$!
{
	archiveVersion = 1;
	classes = {
	};
	objectVersion = 46;
	objects = {

/* Begin PBXBuildFile section */
		DE82E6091D6CA8E7000ECA6D /* main.m in Sources */ = {isa = PBXBuildFile; fileRef = DE82E6081D6CA8E7000ECA6D /* main.m */; };
		DE82E60C1D6CA8E7000ECA6D /* AppDelegate.m in Sources */ = {isa = PBXBuildFile; fileRef = DE82E60B1D6CA8E7000ECA6D /* AppDelegate.m */; };
		DE82E60F1D6CA8E7000ECA6D /* TipCalculatorViewController.m in Sources */ = {isa = PBXBuildFile; fileRef = DE82E60E1D6CA8E7000ECA6D /* TipCalculatorViewController.m */; };
		DE82E6121D6CA8E7000ECA6D /* Main.storyboard in Resources */ = {isa = PBXBuildFile; fileRef = DE82E6101D6CA8E7000ECA6D /* Main.storyboard */; };
		DE82E6141D6CA8E7000ECA6D /* Assets.xcassets in Resources */ = {isa = PBXBuildFile; fileRef = DE82E6131D6CA8E7000ECA6D /* Assets.xcassets */; };
		DE82E6171D6CA8E7000ECA6D /* LaunchScreen.storyboard in Resources */ = {isa = PBXBuildFile; fileRef = DE82E6151D6CA8E7000ECA6D /* LaunchScreen.storyboard */; };
/* End PBXBuildFile section */

/* Begin PBXFileReference section */
		DE82E6041D6CA8E7000ECA6D /* TipCalculator.app */ = {isa = PBXFileReference; explicitFileType = wrapper.application; includeInIndex = 0; path = TipCalculator.app; sourceTree = BUILT_PRODUCTS_DIR; };
		DE82E6081D6CA8E7000ECA6D /* main.m */ = {isa = PBXFileReference; lastKnownFileType = sourcecode.c.objc; path = main.m; sourceTree = "<group>"; };
		DE82E60A1D6CA8E7000ECA6D /* AppDelegate.h */ = {isa = PBXFileReference; lastKnownFileType = sourcecode.c.h; path = AppDelegate.h; sourceTree = "<group>"; };
		DE82E60B1D6CA8E7000ECA6D /* AppDelegate.m */ = {isa = PBXFileReference; lastKnownFileType = sourcecode.c.objc; path = AppDelegate.m; sourceTree = "<group>"; };
		DE82E60D1D6CA8E7000ECA6D /* TipCalculatorViewController.h */ = {isa = PBXFileReference; lastKnownFileType = sourcecode.c.h; path = TipCalculatorViewController.h; sourceTree = "<group>"; };
		DE82E60E1D6CA8E7000ECA6D /* TipCalculatorViewController.m */ = {isa = PBXFileReference; lastKnownFileType = sourcecode.c.objc; path = TipCalculatorViewController.m; sourceTree = "<group>"; };
		DE82E6111D6CA8E7000ECA6D /* Base */ = {isa = PBXFileReference; lastKnownFileType = file.storyboard; name = Base; path = Base.lproj/Main.storyboard; sourceTree = "<group>"; };
		DE82E6131D6CA8E7000ECA6D /* Assets.xcassets */ = {isa = PBXFileReference; lastKnownFileType = folder.assetcatalog; path = Assets.xcassets; sourceTree = "<group>"; };
		DE82E6161D6CA8E7000ECA6D /* Base */ = {isa = PBXFileReference; lastKnownFileType = file.storyboard; name = Base; path = Base.lproj/LaunchScreen.storyboard; sourceTree = "<group>"; };
		DE82E6181D6CA8E7000ECA6D /* Info.plist */ = {isa = PBXFileReference; lastKnownFileType = text.plist.xml; path = Info.plist; sourceTree = "<group>"; };
/* End PBXFileReference section */

/* Begin PBXFrameworksBuildPhase section */
		DE82E6011D6CA8E7000ECA6D /* Frameworks */ = {
			isa = PBXFrameworksBuildPhase;
			buildActionMask = 2147483647;
			files = (
			);
			runOnlyForDeploymentPostprocessing = 0;
		};
/* End PBXFrameworksBuildPhase section */

/* Begin PBXGroup section */
		DE82E5FB1D6CA8E7000ECA6D = {
			isa = PBXGroup;
			children = (
				DE82E6061D6CA8E7000ECA6D /* TippingCalculator */,
				DE82E6051D6CA8E7000ECA6D /* Products */,
			);
			sourceTree = "<group>";
		};
		DE82E6051D6CA8E7000ECA6D /* Products */ = {
			isa = PBXGroup;
			children = (
				DE82E6041D6CA8E7000ECA6D /* TipCalculator.app */,
			);
			name = Products;
			sourceTree = "<group>";
		};
		DE82E6061D6CA8E7000ECA6D /* TippingCalculator */ = {
			isa = PBXGroup;
			children = (
				DE82E60A1D6CA8E7000ECA6D /* AppDelegate.h */,
				DE82E60B1D6CA8E7000ECA6D /* AppDelegate.m */,
				DE82E60D1D6CA8E7000ECA6D /* TipCalculatorViewController.h */,
				DE82E60E1D6CA8E7000ECA6D /* TipCalculatorViewController.m */,
				DE82E6101D6CA8E7000ECA6D /* Main.storyboard */,
				DE82E6131D6CA8E7000ECA6D /* Assets.xcassets */,
				DE82E6151D6CA8E7000ECA6D /* LaunchScreen.storyboard */,
				DE82E6181D6CA8E7000ECA6D /* Info.plist */,
				DE82E6071D6CA8E7000ECA6D /* Supporting Files */,
			);
			path = TippingCalculator;
			sourceTree = "<group>";
		};
		DE82E6071D6CA8E7000ECA6D /* Supporting Files */ = {
			isa = PBXGroup;
			children = (
				DE82E6081D6CA8E7000ECA6D /* main.m */,
			);
			name = "Supporting Files";
			sourceTree = "<group>";
		};
/* End PBXGroup section */

/* Begin PBXNativeTarget section */
		DE82E6031D6CA8E7000ECA6D /* TipCalculator */ = {
			isa = PBXNativeTarget;
			buildConfigurationList = DE82E61B1D6CA8E7000ECA6D /* Build configuration list for PBXNativeTarget "TipCalculator" */;
			buildPhases = (
				DE82E6001D6CA8E7000ECA6D /* Sources */,
				DE82E6011D6CA8E7000ECA6D /* Frameworks */,
				DE82E6021D6CA8E7000ECA6D /* Resources */,
			);
			buildRules = (
			);
			dependencies = (
			);
			name = TipCalculator;
			productName = TippingCalculator;
			productReference = DE82E6041D6CA8E7000ECA6D /* TipCalculator.app */;
			productType = "com.apple.product-type.application";
		};
/* End PBXNativeTarget section */

/* Begin PBXProject section */
		DE82E5FC1D6CA8E7000ECA6D /* Project object */ = {
			isa = PBXProject;
			attributes = {
				LastUpgradeCheck = 0720;
				ORGANIZATIONNAME = "Bernard Desert";
				TargetAttributes = {
					DE82E6031D6CA8E7000ECA6D = {
						CreatedOnToolsVersion = 7.2.1;
					};
				};
			};
			buildConfigurationList = DE82E5FF1D6CA8E7000ECA6D /* Build configuration list for PBXProject "TipCalculator" */;
			compatibilityVersion = "Xcode 3.2";
			developmentRegion = English;
			hasScannedForEncodings = 0;
			knownRegions = (
				en,
				Base,
			);
			mainGroup = DE82E5FB1D6CA8E7000ECA6D;
			productRefGroup = DE82E6051D6CA8E7000ECA6D /* Products */;
			projectDirPath = "";
			projectRoot = "";
			targets = (
				DE82E6031D6CA8E7000ECA6D /* TipCalculator */,
			);
		};
/* End PBXProject section */

/* Begin PBXResourcesBuildPhase section */
		DE82E6021D6CA8E7000ECA6D /* Resources */ = {
			isa = PBXResourcesBuildPhase;
			buildActionMask = 2147483647;
			files = (
				DE82E6171D6CA8E7000ECA6D /* LaunchScreen.storyboard in Resources */,
				DE82E6141D6CA8E7000ECA6D /* Assets.xcassets in Resources */,
				DE82E6121D6CA8E7000ECA6D /* Main.storyboard in Resources */,
			);
			runOnlyForDeploymentPostprocessing = 0;
		};
/* End PBXResourcesBuildPhase section */

/* Begin PBXSourcesBuildPhase section */
		DE82E6001D6CA8E7000ECA6D /* Sources */ = {
			isa = PBXSourcesBuildPhase;
			buildActionMask = 2147483647;
			files = (
				DE82E60F1D6CA8E7000ECA6D /* TipCalculatorViewController.m in Sources */,
				DE82E60C1D6CA8E7000ECA6D /* AppDelegate.m in Sources */,
				DE82E6091D6CA8E7000ECA6D /* main.m in Sources */,
			);
			runOnlyForDeploymentPostprocessing = 0;
		};
/* End PBXSourcesBuildPhase section */

/* Begin PBXVariantGroup section */
		DE82E6101D6CA8E7000ECA6D /* Main.storyboard */ = {
			isa = PBXVariantGroup;
			children = (
				DE82E6111D6CA8E7000ECA6D /* Base */,
			);
			name = Main.storyboard;
			sourceTree = "<group>";
		};
		DE82E6151D6CA8E7000ECA6D /* LaunchScreen.storyboard */ = {
			isa = PBXVariantGroup;
			children = (
				DE82E6161D6CA8E7000ECA6D /* Base */,
			);
			name = LaunchScreen.storyboard;
			sourceTree = "<group>";
		};
/* End PBXVariantGroup section */

/* Begin XCBuildConfiguration section */
		DE82E6191D6CA8E7000ECA6D /* Debug */ = {
			isa = XCBuildConfiguration;
			buildSettings = {
				ALWAYS_SEARCH_USER_PATHS = NO;
				CLANG_CXX_LANGUAGE_STANDARD = "gnu++0x";
				CLANG_CXX_LIBRARY = "libc++";
				CLANG_ENABLE_MODULES = YES;
				CLANG_ENABLE_OBJC_ARC = YES;
				CLANG_WARN_BOOL_CONVERSION = YES;
				CLANG_WARN_CONSTANT_CONVERSION = YES;
				CLANG_WARN_DIRECT_OBJC_ISA_USAGE = YES_ERROR;
				CLANG_WARN_EMPTY_BODY = YES;
				CLANG_WARN_ENUM_CONVERSION = YES;
				CLANG_WARN_INT_CONVERSION = YES;
				CLANG_WARN_OBJC_ROOT_CLASS = YES_ERROR;
				CLANG_WARN_UNREACHABLE_CODE = YES;
				CLANG_WARN__DUPLICATE_METHOD_MATCH = YES;
				"CODE_SIGN_IDENTITY[sdk=iphoneos*]" = "iPhone Developer";
				COPY_PHASE_STRIP = NO;
				DEBUG_INFORMATION_FORMAT = dwarf;
				ENABLE_STRICT_OBJC_MSGSEND = YES;
				ENABLE_TESTABILITY = YES;
				GCC_C_LANGUAGE_STANDARD = gnu99;
				GCC_DYNAMIC_NO_PIC = NO;
				GCC_NO_COMMON_BLOCKS = YES;
				GCC_OPTIMIZATION_LEVEL = 0;
				GCC_PREPROCESSOR_DEFINITIONS = (
					"DEBUG=1",
					"$(inherited)",
				);
				GCC_WARN_64_TO_32_BIT_CONVERSION = YES;
				GCC_WARN_ABOUT_RETURN_TYPE = YES_ERROR;
				GCC_WARN_UNDECLARED_SELECTOR = YES;
				GCC_WARN_UNINITIALIZED_AUTOS = YES_AGGRESSIVE;
				GCC_WARN_UNUSED_FUNCTION = YES;
				GCC_WARN_UNUSED_VARIABLE = YES;
				IPHONEOS_DEPLOYMENT_TARGET = 9.2;
				MTL_ENABLE_DEBUG_INFO = YES;
				ONLY_ACTIVE_ARCH = YES;
				SDKROOT = iphoneos;
			};
			name = Debug;
		};
		DE82E61A1D6CA8E7000ECA6D /* Release */ = {
			isa = XCBuildConfiguration;
			buildSettings = {
				ALWAYS_SEARCH_USER_PATHS = NO;
				CLANG_CXX_LANGUAGE_STANDARD = "gnu++0x";
				CLANG_CXX_LIBRARY = "libc++";
				CLANG_ENABLE_MODULES = YES;
				CLANG_ENABLE_OBJC_ARC = YES;
				CLANG_WARN_BOOL_CONVERSION = YES;
				CLANG_WARN_CONSTANT_CONVERSION = YES;
				CLANG_WARN_DIRECT_OBJC_ISA_USAGE = YES_ERROR;
				CLANG_WARN_EMPTY_BODY = YES;
				CLANG_WARN_ENUM_CONVERSION = YES;
				CLANG_WARN_INT_CONVERSION = YES;
				CLANG_WARN_OBJC_ROOT_CLASS = YES_ERROR;
				CLANG_WARN_UNREACHABLE_CODE = YES;
				CLANG_WARN__DUPLICATE_METHOD_MATCH = YES;
				"CODE_SIGN_IDENTITY[sdk=iphoneos*]" = "iPhone Developer";
				COPY_PHASE_STRIP = NO;
				DEBUG_INFORMATION_FORMAT = "dwarf-with-dsym";
				ENABLE_NS_ASSERTIONS = NO;
				ENABLE_STRICT_OBJC_MSGSEND = YES;
				GCC_C_LANGUAGE_STANDARD = gnu99;
				GCC_NO_COMMON_BLOCKS = YES;
				GCC_WARN_64_TO_32_BIT_CONVERSION = YES;
				GCC_WARN_ABOUT_RETURN_TYPE = YES_ERROR;
				GCC_WARN_UNDECLARED_SELECTOR = YES;
				GCC_WARN_UNINITIALIZED_AUTOS = YES_AGGRESSIVE;
				GCC_WARN_UNUSED_FUNCTION = YES;
				GCC_WARN_UNUSED_VARIABLE = YES;
				IPHONEOS_DEPLOYMENT_TARGET = 9.2;
				MTL_ENABLE_DEBUG_INFO = NO;
				SDKROOT = iphoneos;
				VALIDATE_PRODUCT = YES;
			};
			name = Release;
		};
		DE82E61C1D6CA8E7000ECA6D /* Debug */ = {
			isa = XCBuildConfiguration;
			buildSettings = {
				ASSETCATALOG_COMPILER_APPICON_NAME = AppIcon;
				INFOPLIST_FILE = TippingCalculator/Info.plist;
				LD_RUNPATH_SEARCH_PATHS = "$(inherited) @executable_path/Frameworks";
				PRODUCT_BUNDLE_IDENTIFIER = com.etsy.TippingCalculator;
				PRODUCT_NAME = TipCalculator;
			};
			name = Debug;
		};
		DE82E61D1D6CA8E7000ECA6D /* Release */ = {
			isa = XCBuildConfiguration;
			buildSettings = {
				ASSETCATALOG_COMPILER_APPICON_NAME = AppIcon;
				INFOPLIST_FILE = TippingCalculator/Info.plist;
				LD_RUNPATH_SEARCH_PATHS = "$(inherited) @executable_path/Frameworks";
				PRODUCT_BUNDLE_IDENTIFIER = com.etsy.TippingCalculator;
				PRODUCT_NAME = TipCalculator;
			};
			name = Release;
		};
/* End XCBuildConfiguration section */

/* Begin XCConfigurationList section */
		DE82E5FF1D6CA8E7000ECA6D /* Build configuration list for PBXProject "TipCalculator" */ = {
			isa = XCConfigurationList;
			buildConfigurations = (
				DE82E6191D6CA8E7000ECA6D /* Debug */,
				DE82E61A1D6CA8E7000ECA6D /* Release */,
			);
			defaultConfigurationIsVisible = 0;
			defaultConfigurationName = Release;
		};
		DE82E61B1D6CA8E7000ECA6D /* Build configuration list for PBXNativeTarget "TipCalculator" */ = {
			isa = XCConfigurationList;
			buildConfigurations = (
				DE82E61C1D6CA8E7000ECA6D /* Debug */,
				DE82E61D1D6CA8E7000ECA6D /* Release */,
			);
			defaultConfigurationIsVisible = 0;
			defaultConfigurationName = Release;
		};
/* End XCConfigurationList section */
	};
	rootObject = DE82E5FC1D6CA8E7000ECA6D /* Project object */;
}
